
Microsoft Visual Studio Solution File, Format Version 12.00
# Visual Studio Version 17
VisualStudioVersion = 17.0.31903.59
MinimumVisualStudioVersion = 10.0.40219.1
Project("{FAE04EC0-301F-11D3-BF4B-00C04F79EFBC}") = "CI PLatform_Web", "CI PLatform_Web\CI PLatform_Web.csproj", "{70359E56-7166-42E5-B611-0C85D2FCAE45}"
EndProject
Global
	GlobalSection(SolutionConfigurationPlatforms) = preSolution
		Debug|Any CPU = Debug|Any CPU
		Release|Any CPU = Release|Any CPU
	EndGlobalSection
	GlobalSection(ProjectConfigurationPlatforms) = postSolution
		{70359E56-7166-42E5-B611-0C85D2FCAE45}.Debug|Any CPU.ActiveCfg = Debug|Any CPU
		{70359E56-7166-42E5-B611-0C85D2FCAE45}.Debug|Any CPU.Build.0 = Debug|Any CPU
		{70359E56-7166-42E5-B611-0C85D2FCAE45}.Release|Any CPU.ActiveCfg = Release|Any CPU
		{70359E56-7166-42E5-B611-0C85D2FCAE45}.Release|Any CPU.Build.0 = Release|Any CPU
	EndGlobalSection
	GlobalSection(SolutionProperties) = preSolution
		HideSolutionNode = FALSE
	EndGlobalSection
	GlobalSection(ExtensibilityGlobals) = postSolution
		SolutionGuid = {D9317679-C72E-40D9-9361-AEE3644422C5}
	EndGlobalSection
EndGlobal
